// !$*UTF8*$!
{
	archiveVersion = 1;
	classes = {
	};
	objectVersion = 55;
	objects = {

/* Begin PBXBuildFile section */
		14B5FFBA279E01A80047AE1B /* AppDelegate.swift in Sources */ = {isa = PBXBuildFile; fileRef = 14B5FFB9279E01A80047AE1B /* AppDelegate.swift */; };
		14B5FFBC279E01A80047AE1B /* GameScene.sks in Resources */ = {isa = PBXBuildFile; fileRef = 14B5FFBB279E01A80047AE1B /* GameScene.sks */; };
		14B5FFBE279E01A80047AE1B /* Actions.sks in Resources */ = {isa = PBXBuildFile; fileRef = 14B5FFBD279E01A80047AE1B /* Actions.sks */; };
		14B5FFC0279E01A80047AE1B /* GameScene.swift in Sources */ = {isa = PBXBuildFile; fileRef = 14B5FFBF279E01A80047AE1B /* GameScene.swift */; };
		14B5FFC2279E01A80047AE1B /* GameViewController.swift in Sources */ = {isa = PBXBuildFile; fileRef = 14B5FFC1279E01A80047AE1B /* GameViewController.swift */; };
		14B5FFC5279E01A80047AE1B /* Main.storyboard in Resources */ = {isa = PBXBuildFile; fileRef = 14B5FFC3279E01A80047AE1B /* Main.storyboard */; };
		14B5FFC7279E01AA0047AE1B /* Assets.xcassets in Resources */ = {isa = PBXBuildFile; fileRef = 14B5FFC6279E01AA0047AE1B /* Assets.xcassets */; };
		14B5FFCA279E01AA0047AE1B /* LaunchScreen.storyboard in Resources */ = {isa = PBXBuildFile; fileRef = 14B5FFC8279E01AA0047AE1B /* LaunchScreen.storyboard */; };
		14B5FFD4279E01AA0047AE1B /* PlaneOverOceanTests.swift in Sources */ = {isa = PBXBuildFile; fileRef = 14B5FFD3279E01AA0047AE1B /* PlaneOverOceanTests.swift */; };
		14B5FFDE279E01AA0047AE1B /* PlaneOverOceanUITests.swift in Sources */ = {isa = PBXBuildFile; fileRef = 14B5FFDD279E01AA0047AE1B /* PlaneOverOceanUITests.swift */; };
		14B5FFE0279E01AA0047AE1B /* PlaneOverOceanUITestsLaunchTests.swift in Sources */ = {isa = PBXBuildFile; fileRef = 14B5FFDF279E01AA0047AE1B /* PlaneOverOceanUITestsLaunchTests.swift */; };
		14B5FFF1279E0AF50047AE1B /* GameObject.swift in Sources */ = {isa = PBXBuildFile; fileRef = 14B5FFF0279E0AF50047AE1B /* GameObject.swift */; };
		14B5FFF3279E0B2E0047AE1B /* GameProtocol.swift in Sources */ = {isa = PBXBuildFile; fileRef = 14B5FFF2279E0B2E0047AE1B /* GameProtocol.swift */; };
		14B5FFF5279E0B4D0047AE1B /* Ocean.swift in Sources */ = {isa = PBXBuildFile; fileRef = 14B5FFF4279E0B4D0047AE1B /* Ocean.swift */; };
		14B5FFF7279E0B6B0047AE1B /* Plane.swift in Sources */ = {isa = PBXBuildFile; fileRef = 14B5FFF6279E0B6B0047AE1B /* Plane.swift */; };
/* End PBXBuildFile section */

/* Begin PBXContainerItemProxy section */
		14B5FFD0279E01AA0047AE1B /* PBXContainerItemProxy */ = {
			isa = PBXContainerItemProxy;
			containerPortal = 14B5FFAE279E01A80047AE1B /* Project object */;
			proxyType = 1;
			remoteGlobalIDString = 14B5FFB5279E01A80047AE1B;
			remoteInfo = PlaneOverOcean;
		};
		14B5FFDA279E01AA0047AE1B /* PBXContainerItemProxy */ = {
			isa = PBXContainerItemProxy;
			containerPortal = 14B5FFAE279E01A80047AE1B /* Project object */;
			proxyType = 1;
			remoteGlobalIDString = 14B5FFB5279E01A80047AE1B;
			remoteInfo = PlaneOverOcean;
		};
/* End PBXContainerItemProxy section */

/* Begin PBXFileReference section */
		14B5FFB6279E01A80047AE1B /* PlaneOverOcean.app */ = {isa = PBXFileReference; explicitFileType = wrapper.application; includeInIndex = 0; path = PlaneOverOcean.app; sourceTree = BUILT_PRODUCTS_DIR; };
		14B5FFB9279E01A80047AE1B /* AppDelegate.swift */ = {isa = PBXFileReference; lastKnownFileType = sourcecode.swift; path = AppDelegate.swift; sourceTree = "<group>"; };
		14B5FFBB279E01A80047AE1B /* GameScene.sks */ = {isa = PBXFileReference; lastKnownFileType = file.sks; path = GameScene.sks; sourceTree = "<group>"; };
		14B5FFBD279E01A80047AE1B /* Actions.sks */ = {isa = PBXFileReference; lastKnownFileType = file.sks; path = Actions.sks; sourceTree = "<group>"; };
		14B5FFBF279E01A80047AE1B /* GameScene.swift */ = {isa = PBXFileReference; lastKnownFileType = sourcecode.swift; path = GameScene.swift; sourceTree = "<group>"; };
		14B5FFC1279E01A80047AE1B /* GameViewController.swift */ = {isa = PBXFileReference; lastKnownFileType = sourcecode.swift; path = GameViewController.swift; sourceTree = "<group>"; };
		14B5FFC4279E01A80047AE1B /* Base */ = {isa = PBXFileReference; lastKnownFileType = file.storyboard; name = Base; path = Base.lproj/Main.storyboard; sourceTree = "<group>"; };
		14B5FFC6279E01AA0047AE1B /* Assets.xcassets */ = {isa = PBXFileReference; lastKnownFileType = folder.assetcatalog; path = Assets.xcassets; sourceTree = "<group>"; };
		14B5FFC9279E01AA0047AE1B /* Base */ = {isa = PBXFileReference; lastKnownFileType = file.storyboard; name = Base; path = Base.lproj/LaunchScreen.storyboard; sourceTree = "<group>"; };
		14B5FFCF279E01AA0047AE1B /* PlaneOverOceanTests.xctest */ = {isa = PBXFileReference; explicitFileType = wrapper.cfbundle; includeInIndex = 0; path = PlaneOverOceanTests.xctest; sourceTree = BUILT_PRODUCTS_DIR; };
		14B5FFD3279E01AA0047AE1B /* PlaneOverOceanTests.swift */ = {isa = PBXFileReference; lastKnownFileType = sourcecode.swift; path = PlaneOverOceanTests.swift; sourceTree = "<group>"; };
		14B5FFD9279E01AA0047AE1B /* PlaneOverOceanUITests.xctest */ = {isa = PBXFileReference; explicitFileType = wrapper.cfbundle; includeInIndex = 0; path = PlaneOverOceanUITests.xctest; sourceTree = BUILT_PRODUCTS_DIR; };
		14B5FFDD279E01AA0047AE1B /* PlaneOverOceanUITests.swift */ = {isa = PBXFileReference; lastKnownFileType = sourcecode.swift; path = PlaneOverOceanUITests.swift; sourceTree = "<group>"; };
		14B5FFDF279E01AA0047AE1B /* PlaneOverOceanUITestsLaunchTests.swift */ = {isa = PBXFileReference; lastKnownFileType = sourcecode.swift; path = PlaneOverOceanUITestsLaunchTests.swift; sourceTree = "<group>"; };
		14B5FFF0279E0AF50047AE1B /* GameObject.swift */ = {isa = PBXFileReference; lastKnownFileType = sourcecode.swift; path = GameObject.swift; sourceTree = "<group>"; };
		14B5FFF2279E0B2E0047AE1B /* GameProtocol.swift */ = {isa = PBXFileReference; lastKnownFileType = sourcecode.swift; path = GameProtocol.swift; sourceTree = "<group>"; };
		14B5FFF4279E0B4D0047AE1B /* Ocean.swift */ = {isa = PBXFileReference; lastKnownFileType = sourcecode.swift; path = Ocean.swift; sourceTree = "<group>"; };
		14B5FFF6279E0B6B0047AE1B /* Plane.swift */ = {isa = PBXFileReference; lastKnownFileType = sourcecode.swift; path = Plane.swift; sourceTree = "<group>"; };
/* End PBXFileReference section */

/* Begin PBXFrameworksBuildPhase section */
		14B5FFB3279E01A80047AE1B /* Frameworks */ = {
			isa = PBXFrameworksBuildPhase;
			buildActionMask = 2147483647;
			files = (
			);
			runOnlyForDeploymentPostprocessing = 0;
		};
		14B5FFCC279E01AA0047AE1B /* Frameworks */ = {
			isa = PBXFrameworksBuildPhase;
			buildActionMask = 2147483647;
			files = (
			);
			runOnlyForDeploymentPostprocessing = 0;
		};
		14B5FFD6279E01AA0047AE1B /* Frameworks */ = {
			isa = PBXFrameworksBuildPhase;
			buildActionMask = 2147483647;
			files = (
			);
			runOnlyForDeploymentPostprocessing = 0;
		};
/* End PBXFrameworksBuildPhase section */

/* Begin PBXGroup section */
		14B5FFAD279E01A80047AE1B = {
			isa = PBXGroup;
			children = (
				14B5FFEF279E0ACD0047AE1B /* GameObjects */,
				14B5FFEE279E09340047AE1B /* Core */,
				14B5FFB8279E01A80047AE1B /* PlaneOverOcean */,
				14B5FFD2279E01AA0047AE1B /* PlaneOverOceanTests */,
				14B5FFDC279E01AA0047AE1B /* PlaneOverOceanUITests */,
				14B5FFB7279E01A80047AE1B /* Products */,
			);
			sourceTree = "<group>";
		};
		14B5FFB7279E01A80047AE1B /* Products */ = {
			isa = PBXGroup;
			children = (
				14B5FFB6279E01A80047AE1B /* PlaneOverOcean.app */,
				14B5FFCF279E01AA0047AE1B /* PlaneOverOceanTests.xctest */,
				14B5FFD9279E01AA0047AE1B /* PlaneOverOceanUITests.xctest */,
			);
			name = Products;
			sourceTree = "<group>";
		};
		14B5FFB8279E01A80047AE1B /* PlaneOverOcean */ = {
			isa = PBXGroup;
			children = (
				14B5FFB9279E01A80047AE1B /* AppDelegate.swift */,
				14B5FFBB279E01A80047AE1B /* GameScene.sks */,
				14B5FFBD279E01A80047AE1B /* Actions.sks */,
				14B5FFBF279E01A80047AE1B /* GameScene.swift */,
				14B5FFC1279E01A80047AE1B /* GameViewController.swift */,
				14B5FFC3279E01A80047AE1B /* Main.storyboard */,
				14B5FFC6279E01AA0047AE1B /* Assets.xcassets */,
				14B5FFC8279E01AA0047AE1B /* LaunchScreen.storyboard */,
			);
			path = PlaneOverOcean;
			sourceTree = "<group>";
		};
		14B5FFD2279E01AA0047AE1B /* PlaneOverOceanTests */ = {
			isa = PBXGroup;
			children = (
				14B5FFD3279E01AA0047AE1B /* PlaneOverOceanTests.swift */,
			);
			path = PlaneOverOceanTests;
			sourceTree = "<group>";
		};
		14B5FFDC279E01AA0047AE1B /* PlaneOverOceanUITests */ = {
			isa = PBXGroup;
			children = (
				14B5FFDD279E01AA0047AE1B /* PlaneOverOceanUITests.swift */,
				14B5FFDF279E01AA0047AE1B /* PlaneOverOceanUITestsLaunchTests.swift */,
			);
			path = PlaneOverOceanUITests;
			sourceTree = "<group>";
		};
		14B5FFEE279E09340047AE1B /* Core */ = {
			isa = PBXGroup;
			children = (
				14B5FFF0279E0AF50047AE1B /* GameObject.swift */,
				14B5FFF2279E0B2E0047AE1B /* GameProtocol.swift */,
			);
			path = Core;
			sourceTree = "<group>";
		};
		14B5FFEF279E0ACD0047AE1B /* GameObjects */ = {
			isa = PBXGroup;
			children = (
				14B5FFF4279E0B4D0047AE1B /* Ocean.swift */,
				14B5FFF6279E0B6B0047AE1B /* Plane.swift */,
			);
			path = GameObjects;
			sourceTree = "<group>";
		};
/* End PBXGroup section */

/* Begin PBXNativeTarget section */
		14B5FFB5279E01A80047AE1B /* PlaneOverOcean */ = {
			isa = PBXNativeTarget;
			buildConfigurationList = 14B5FFE3279E01AA0047AE1B /* Build configuration list for PBXNativeTarget "PlaneOverOcean" */;
			buildPhases = (
				14B5FFB2279E01A80047AE1B /* Sources */,
				14B5FFB3279E01A80047AE1B /* Frameworks */,
				14B5FFB4279E01A80047AE1B /* Resources */,
			);
			buildRules = (
			);
			dependencies = (
			);
			name = PlaneOverOcean;
			productName = PlaneOverOcean;
			productReference = 14B5FFB6279E01A80047AE1B /* PlaneOverOcean.app */;
			productType = "com.apple.product-type.application";
		};
		14B5FFCE279E01AA0047AE1B /* PlaneOverOceanTests */ = {
			isa = PBXNativeTarget;
			buildConfigurationList = 14B5FFE6279E01AA0047AE1B /* Build configuration list for PBXNativeTarget "PlaneOverOceanTests" */;
			buildPhases = (
				14B5FFCB279E01AA0047AE1B /* Sources */,
				14B5FFCC279E01AA0047AE1B /* Frameworks */,
				14B5FFCD279E01AA0047AE1B /* Resources */,
			);
			buildRules = (
			);
			dependencies = (
				14B5FFD1279E01AA0047AE1B /* PBXTargetDependency */,
			);
			name = PlaneOverOceanTests;
			productName = PlaneOverOceanTests;
			productReference = 14B5FFCF279E01AA0047AE1B /* PlaneOverOceanTests.xctest */;
			productType = "com.apple.product-type.bundle.unit-test";
		};
		14B5FFD8279E01AA0047AE1B /* PlaneOverOceanUITests */ = {
			isa = PBXNativeTarget;
			buildConfigurationList = 14B5FFE9279E01AA0047AE1B /* Build configuration list for PBXNativeTarget "PlaneOverOceanUITests" */;
			buildPhases = (
				14B5FFD5279E01AA0047AE1B /* Sources */,
				14B5FFD6279E01AA0047AE1B /* Frameworks */,
				14B5FFD7279E01AA0047AE1B /* Resources */,
			);
			buildRules = (
			);
			dependencies = (
				14B5FFDB279E01AA0047AE1B /* PBXTargetDependency */,
			);
			name = PlaneOverOceanUITests;
			productName = PlaneOverOceanUITests;
			productReference = 14B5FFD9279E01AA0047AE1B /* PlaneOverOceanUITests.xctest */;
			productType = "com.apple.product-type.bundle.ui-testing";
		};
/* End PBXNativeTarget section */

/* Begin PBXProject section */
		14B5FFAE279E01A80047AE1B /* Project object */ = {
			isa = PBXProject;
			attributes = {
				BuildIndependentTargetsInParallel = 1;
				LastSwiftUpdateCheck = 1300;
				LastUpgradeCheck = 1300;
				TargetAttributes = {
					14B5FFB5279E01A80047AE1B = {
						CreatedOnToolsVersion = 13.0;
					};
					14B5FFCE279E01AA0047AE1B = {
						CreatedOnToolsVersion = 13.0;
						TestTargetID = 14B5FFB5279E01A80047AE1B;
					};
					14B5FFD8279E01AA0047AE1B = {
						CreatedOnToolsVersion = 13.0;
						TestTargetID = 14B5FFB5279E01A80047AE1B;
					};
				};
			};
			buildConfigurationList = 14B5FFB1279E01A80047AE1B /* Build configuration list for PBXProject "PlaneOverOcean" */;
			compatibilityVersion = "Xcode 13.0";
			developmentRegion = en;
			hasScannedForEncodings = 0;
			knownRegions = (
				en,
				Base,
			);
			mainGroup = 14B5FFAD279E01A80047AE1B;
			productRefGroup = 14B5FFB7279E01A80047AE1B /* Products */;
			projectDirPath = "";
			projectRoot = "";
			targets = (
				14B5FFB5279E01A80047AE1B /* PlaneOverOcean */,
				14B5FFCE279E01AA0047AE1B /* PlaneOverOceanTests */,
				14B5FFD8279E01AA0047AE1B /* PlaneOverOceanUITests */,
			);
		};
/* End PBXProject section */

/* Begin PBXResourcesBuildPhase section */
		14B5FFB4279E01A80047AE1B /* Resources */ = {
			isa = PBXResourcesBuildPhase;
			buildActionMask = 2147483647;
			files = (
				14B5FFC5279E01A80047AE1B /* Main.storyboard in Resources */,
				14B5FFBC279E01A80047AE1B /* GameScene.sks in Resources */,
				14B5FFC7279E01AA0047AE1B /* Assets.xcassets in Resources */,
				14B5FFCA279E01AA0047AE1B /* LaunchScreen.storyboard in Resources */,
				14B5FFBE279E01A80047AE1B /* Actions.sks in Resources */,
			);
			runOnlyForDeploymentPostprocessing = 0;
		};
		14B5FFCD279E01AA0047AE1B /* Resources */ = {
			isa = PBXResourcesBuildPhase;
			buildActionMask = 2147483647;
			files = (
			);
			runOnlyForDeploymentPostprocessing = 0;
		};
		14B5FFD7279E01AA0047AE1B /* Resources */ = {
			isa = PBXResourcesBuildPhase;
			buildActionMask = 2147483647;
			files = (
			);
			runOnlyForDeploymentPostprocessing = 0;
		};
/* End PBXResourcesBuildPhase section */

/* Begin PBXSourcesBuildPhase section */
		14B5FFB2279E01A80047AE1B /* Sources */ = {
			isa = PBXSourcesBuildPhase;
			buildActionMask = 2147483647;
			files = (
				14B5FFF1279E0AF50047AE1B /* GameObject.swift in Sources */,
				14B5FFF3279E0B2E0047AE1B /* GameProtocol.swift in Sources */,
				14B5FFC0279E01A80047AE1B /* GameScene.swift in Sources */,
				14B5FFC2279E01A80047AE1B /* GameViewController.swift in Sources */,
				14B5FFF5279E0B4D0047AE1B /* Ocean.swift in Sources */,
				14B5FFBA279E01A80047AE1B /* AppDelegate.swift in Sources */,
				14B5FFF7279E0B6B0047AE1B /* Plane.swift in Sources */,
			);
			runOnlyForDeploymentPostprocessing = 0;
		};
		14B5FFCB279E01AA0047AE1B /* Sources */ = {
			isa = PBXSourcesBuildPhase;
			buildActionMask = 2147483647;
			files = (
				14B5FFD4279E01AA0047AE1B /* PlaneOverOceanTests.swift in Sources */,
			);
			runOnlyForDeploymentPostprocessing = 0;
		};
		14B5FFD5279E01AA0047AE1B /* Sources */ = {
			isa = PBXSourcesBuildPhase;
			buildActionMask = 2147483647;
			files = (
				14B5FFE0279E01AA0047AE1B /* PlaneOverOceanUITestsLaunchTests.swift in Sources */,
				14B5FFDE279E01AA0047AE1B /* PlaneOverOceanUITests.swift in Sources */,
			);
			runOnlyForDeploymentPostprocessing = 0;
		};
/* End PBXSourcesBuildPhase section */

/* Begin PBXTargetDependency section */
		14B5FFD1279E01AA0047AE1B /* PBXTargetDependency */ = {
			isa = PBXTargetDependency;
			target = 14B5FFB5279E01A80047AE1B /* PlaneOverOcean */;
			targetProxy = 14B5FFD0279E01AA0047AE1B /* PBXContainerItemProxy */;
		};
		14B5FFDB279E01AA0047AE1B /* PBXTargetDependency */ = {
			isa = PBXTargetDependency;
			target = 14B5FFB5279E01A80047AE1B /* PlaneOverOcean */;
			targetProxy = 14B5FFDA279E01AA0047AE1B /* PBXContainerItemProxy */;
		};
/* End PBXTargetDependency section */

/* Begin PBXVariantGroup section */
		14B5FFC3279E01A80047AE1B /* Main.storyboard */ = {
			isa = PBXVariantGroup;
			children = (
				14B5FFC4279E01A80047AE1B /* Base */,
			);
			name = Main.storyboard;
			sourceTree = "<group>";
		};
		14B5FFC8279E01AA0047AE1B /* LaunchScreen.storyboard */ = {
			isa = PBXVariantGroup;
			children = (
				14B5FFC9279E01AA0047AE1B /* Base */,
			);
			name = LaunchScreen.storyboard;
			sourceTree = "<group>";
		};
/* End PBXVariantGroup section */

/* Begin XCBuildConfiguration section */
		14B5FFE1279E01AA0047AE1B /* Debug */ = {
			isa = XCBuildConfiguration;
			buildSettings = {
				ALWAYS_SEARCH_USER_PATHS = NO;
				CLANG_ANALYZER_NONNULL = YES;
				CLANG_ANALYZER_NUMBER_OBJECT_CONVERSION = YES_AGGRESSIVE;
				CLANG_CXX_LANGUAGE_STANDARD = "gnu++17";
				CLANG_CXX_LIBRARY = "libc++";
				CLANG_ENABLE_MODULES = YES;
				CLANG_ENABLE_OBJC_ARC = YES;
				CLANG_ENABLE_OBJC_WEAK = YES;
				CLANG_WARN_BLOCK_CAPTURE_AUTORELEASING = YES;
				CLANG_WARN_BOOL_CONVERSION = YES;
				CLANG_WARN_COMMA = YES;
				CLANG_WARN_CONSTANT_CONVERSION = YES;
				CLANG_WARN_DEPRECATED_OBJC_IMPLEMENTATIONS = YES;
				CLANG_WARN_DIRECT_OBJC_ISA_USAGE = YES_ERROR;
				CLANG_WARN_DOCUMENTATION_COMMENTS = YES;
				CLANG_WARN_EMPTY_BODY = YES;
				CLANG_WARN_ENUM_CONVERSION = YES;
				CLANG_WARN_INFINITE_RECURSION = YES;
				CLANG_WARN_INT_CONVERSION = YES;
				CLANG_WARN_NON_LITERAL_NULL_CONVERSION = YES;
				CLANG_WARN_OBJC_IMPLICIT_RETAIN_SELF = YES;
				CLANG_WARN_OBJC_LITERAL_CONVERSION = YES;
				CLANG_WARN_OBJC_ROOT_CLASS = YES_ERROR;
				CLANG_WARN_QUOTED_INCLUDE_IN_FRAMEWORK_HEADER = YES;
				CLANG_WARN_RANGE_LOOP_ANALYSIS = YES;
				CLANG_WARN_STRICT_PROTOTYPES = YES;
				CLANG_WARN_SUSPICIOUS_MOVE = YES;
				CLANG_WARN_UNGUARDED_AVAILABILITY = YES_AGGRESSIVE;
				CLANG_WARN_UNREACHABLE_CODE = YES;
				CLANG_WARN__DUPLICATE_METHOD_MATCH = YES;
				COPY_PHASE_STRIP = NO;
				DEBUG_INFORMATION_FORMAT = dwarf;
				ENABLE_STRICT_OBJC_MSGSEND = YES;
				ENABLE_TESTABILITY = YES;
				GCC_C_LANGUAGE_STANDARD = gnu11;
				GCC_DYNAMIC_NO_PIC = NO;
				GCC_NO_COMMON_BLOCKS = YES;
				GCC_OPTIMIZATION_LEVEL = 0;
				GCC_PREPROCESSOR_DEFINITIONS = (
					"DEBUG=1",
					"$(inherited)",
				);
				GCC_WARN_64_TO_32_BIT_CONVERSION = YES;
				GCC_WARN_ABOUT_RETURN_TYPE = YES_ERROR;
				GCC_WARN_UNDECLARED_SELECTOR = YES;
				GCC_WARN_UNINITIALIZED_AUTOS = YES_AGGRESSIVE;
				GCC_WARN_UNUSED_FUNCTION = YES;
				GCC_WARN_UNUSED_VARIABLE = YES;
				IPHONEOS_DEPLOYMENT_TARGET = 15.0;
				MTL_ENABLE_DEBUG_INFO = INCLUDE_SOURCE;
				MTL_FAST_MATH = YES;
				ONLY_ACTIVE_ARCH = YES;
				SDKROOT = iphoneos;
				SWIFT_ACTIVE_COMPILATION_CONDITIONS = DEBUG;
				SWIFT_OPTIMIZATION_LEVEL = "-Onone";
			};
			name = Debug;
		};
		14B5FFE2279E01AA0047AE1B /* Release */ = {
			isa = XCBuildConfiguration;
			buildSettings = {
				ALWAYS_SEARCH_USER_PATHS = NO;
				CLANG_ANALYZER_NONNULL = YES;
				CLANG_ANALYZER_NUMBER_OBJECT_CONVERSION = YES_AGGRESSIVE;
				CLANG_CXX_LANGUAGE_STANDARD = "gnu++17";
				CLANG_CXX_LIBRARY = "libc++";
				CLANG_ENABLE_MODULES = YES;
				CLANG_ENABLE_OBJC_ARC = YES;
				CLANG_ENABLE_OBJC_WEAK = YES;
				CLANG_WARN_BLOCK_CAPTURE_AUTORELEASING = YES;
				CLANG_WARN_BOOL_CONVERSION = YES;
				CLANG_WARN_COMMA = YES;
				CLANG_WARN_CONSTANT_CONVERSION = YES;
				CLANG_WARN_DEPRECATED_OBJC_IMPLEMENTATIONS = YES;
				CLANG_WARN_DIRECT_OBJC_ISA_USAGE = YES_ERROR;
				CLANG_WARN_DOCUMENTATION_COMMENTS = YES;
				CLANG_WARN_EMPTY_BODY = YES;
				CLANG_WARN_ENUM_CONVERSION = YES;
				CLANG_WARN_INFINITE_RECURSION = YES;
				CLANG_WARN_INT_CONVERSION = YES;
				CLANG_WARN_NON_LITERAL_NULL_CONVERSION = YES;
				CLANG_WARN_OBJC_IMPLICIT_RETAIN_SELF = YES;
				CLANG_WARN_OBJC_LITERAL_CONVERSION = YES;
				CLANG_WARN_OBJC_ROOT_CLASS = YES_ERROR;
				CLANG_WARN_QUOTED_INCLUDE_IN_FRAMEWORK_HEADER = YES;
				CLANG_WARN_RANGE_LOOP_ANALYSIS = YES;
				CLANG_WARN_STRICT_PROTOTYPES = YES;
				CLANG_WARN_SUSPICIOUS_MOVE = YES;
				CLANG_WARN_UNGUARDED_AVAILABILITY = YES_AGGRESSIVE;
				CLANG_WARN_UNREACHABLE_CODE = YES;
				CLANG_WARN__DUPLICATE_METHOD_MATCH = YES;
				COPY_PHASE_STRIP = NO;
				DEBUG_INFORMATION_FORMAT = "dwarf-with-dsym";
				ENABLE_NS_ASSERTIONS = NO;
				ENABLE_STRICT_OBJC_MSGSEND = YES;
				GCC_C_LANGUAGE_STANDARD = gnu11;
				GCC_NO_COMMON_BLOCKS = YES;
				GCC_WARN_64_TO_32_BIT_CONVERSION = YES;
				GCC_WARN_ABOUT_RETURN_TYPE = YES_ERROR;
				GCC_WARN_UNDECLARED_SELECTOR = YES;
				GCC_WARN_UNINITIALIZED_AUTOS = YES_AGGRESSIVE;
				GCC_WARN_UNUSED_FUNCTION = YES;
				GCC_WARN_UNUSED_VARIABLE = YES;
				IPHONEOS_DEPLOYMENT_TARGET = 15.0;
				MTL_ENABLE_DEBUG_INFO = NO;
				MTL_FAST_MATH = YES;
				SDKROOT = iphoneos;
				SWIFT_COMPILATION_MODE = wholemodule;
				SWIFT_OPTIMIZATION_LEVEL = "-O";
				VALIDATE_PRODUCT = YES;
			};
			name = Release;
		};
		14B5FFE4279E01AA0047AE1B /* Debug */ = {
			isa = XCBuildConfiguration;
			buildSettings = {
				ASSETCATALOG_COMPILER_APPICON_NAME = AppIcon;
				ASSETCATALOG_COMPILER_GLOBAL_ACCENT_COLOR_NAME = AccentColor;
				CODE_SIGN_STYLE = Automatic;
				CURRENT_PROJECT_VERSION = 1;
				GENERATE_INFOPLIST_FILE = YES;
				INFOPLIST_KEY_UIApplicationSupportsIndirectInputEvents = YES;
				INFOPLIST_KEY_UILaunchStoryboardName = LaunchScreen;
				INFOPLIST_KEY_UIMainStoryboardFile = Main;
				INFOPLIST_KEY_UIStatusBarHidden = YES;
				INFOPLIST_KEY_UISupportedInterfaceOrientations_iPad = "UIInterfaceOrientationPortrait UIInterfaceOrientationPortraitUpsideDown UIInterfaceOrientationLandscapeLeft UIInterfaceOrientationLandscapeRight";
				INFOPLIST_KEY_UISupportedInterfaceOrientations_iPhone = "UIInterfaceOrientationPortrait UIInterfaceOrientationLandscapeLeft UIInterfaceOrientationLandscapeRight";
				LD_RUNPATH_SEARCH_PATHS = (
					"$(inherited)",
					"@executable_path/Frameworks",
				);
				MARKETING_VERSION = 1.0;
				PRODUCT_BUNDLE_IDENTIFIER = "Centennial-College.PlaneOverOcean";
				PRODUCT_NAME = "$(TARGET_NAME)";
				SWIFT_EMIT_LOC_STRINGS = YES;
				SWIFT_VERSION = 5.0;
				TARGETED_DEVICE_FAMILY = "1,2";
			};
			name = Debug;
		};
		14B5FFE5279E01AA0047AE1B /* Release */ = {
			isa = XCBuildConfiguration;
			buildSettings = {
				ASSETCATALOG_COMPILER_APPICON_NAME = AppIcon;
				ASSETCATALOG_COMPILER_GLOBAL_ACCENT_COLOR_NAME = AccentColor;
				CODE_SIGN_STYLE = Automatic;
				CURRENT_PROJECT_VERSION = 1;
				GENERATE_INFOPLIST_FILE = YES;
				INFOPLIST_KEY_UIApplicationSupportsIndirectInputEvents = YES;
				INFOPLIST_KEY_UILaunchStoryboardName = LaunchScreen;
				INFOPLIST_KEY_UIMainStoryboardFile = Main;
				INFOPLIST_KEY_UIStatusBarHidden = YES;
				INFOPLIST_KEY_UISupportedInterfaceOrientations_iPad = "UIInterfaceOrientationPortrait UIInterfaceOrientationPortraitUpsideDown UIInterfaceOrientationLandscapeLeft UIInterfaceOrientationLandscapeRight";
				INFOPLIST_KEY_UISupportedInterfaceOrientations_iPhone = "UIInterfaceOrientationPortrait UIInterfaceOrientationLandscapeLeft UIInterfaceOrientationLandscapeRight";
				LD_RUNPATH_SEARCH_PATHS = (
					"$(inherited)",
					"@executable_path/Frameworks",
				);
				MARKETING_VERSION = 1.0;
				PRODUCT_BUNDLE_IDENTIFIER = "Centennial-College.PlaneOverOcean";
				PRODUCT_NAME = "$(TARGET_NAME)";
				SWIFT_EMIT_LOC_STRINGS = YES;
				SWIFT_VERSION = 5.0;
				TARGETED_DEVICE_FAMILY = "1,2";
			};
			name = Release;
		};
		14B5FFE7279E01AA0047AE1B /* Debug */ = {
			isa = XCBuildConfiguration;
			buildSettings = {
				ALWAYS_EMBED_SWIFT_STANDARD_LIBRARIES = YES;
				BUNDLE_LOADER = "$(TEST_HOST)";
				CODE_SIGN_STYLE = Automatic;
				CURRENT_PROJECT_VERSION = 1;
				GENERATE_INFOPLIST_FILE = YES;
				IPHONEOS_DEPLOYMENT_TARGET = 15.0;
				LD_RUNPATH_SEARCH_PATHS = (
					"$(inherited)",
					"@executable_path/Frameworks",
					"@loader_path/Frameworks",
				);
				MARKETING_VERSION = 1.0;
				PRODUCT_BUNDLE_IDENTIFIER = "Centennial-College.PlaneOverOceanTests";
				PRODUCT_NAME = "$(TARGET_NAME)";
				SWIFT_EMIT_LOC_STRINGS = NO;
				SWIFT_VERSION = 5.0;
				TARGETED_DEVICE_FAMILY = "1,2";
				TEST_HOST = "$(BUILT_PRODUCTS_DIR)/PlaneOverOcean.app/PlaneOverOcean";
			};
			name = Debug;
		};
		14B5FFE8279E01AA0047AE1B /* Release */ = {
			isa = XCBuildConfiguration;
			buildSettings = {
				ALWAYS_EMBED_SWIFT_STANDARD_LIBRARIES = YES;
				BUNDLE_LOADER = "$(TEST_HOST)";
				CODE_SIGN_STYLE = Automatic;
				CURRENT_PROJECT_VERSION = 1;
				GENERATE_INFOPLIST_FILE = YES;
				IPHONEOS_DEPLOYMENT_TARGET = 15.0;
				LD_RUNPATH_SEARCH_PATHS = (
					"$(inherited)",
					"@executable_path/Frameworks",
					"@loader_path/Frameworks",
				);
				MARKETING_VERSION = 1.0;
				PRODUCT_BUNDLE_IDENTIFIER = "Centennial-College.PlaneOverOceanTests";
				PRODUCT_NAME = "$(TARGET_NAME)";
				SWIFT_EMIT_LOC_STRINGS = NO;
				SWIFT_VERSION = 5.0;
				TARGETED_DEVICE_FAMILY = "1,2";
				TEST_HOST = "$(BUILT_PRODUCTS_DIR)/PlaneOverOcean.app/PlaneOverOcean";
			};
			name = Release;
		};
		14B5FFEA279E01AA0047AE1B /* Debug */ = {
			isa = XCBuildConfiguration;
			buildSettings = {
				ALWAYS_EMBED_SWIFT_STANDARD_LIBRARIES = YES;
				CODE_SIGN_STYLE = Automatic;
				CURRENT_PROJECT_VERSION = 1;
				GENERATE_INFOPLIST_FILE = YES;
				LD_RUNPATH_SEARCH_PATHS = (
					"$(inherited)",
					"@executable_path/Frameworks",
					"@loader_path/Frameworks",
				);
				MARKETING_VERSION = 1.0;
				PRODUCT_BUNDLE_IDENTIFIER = "Centennial-College.PlaneOverOceanUITests";
				PRODUCT_NAME = "$(TARGET_NAME)";
				SWIFT_EMIT_LOC_STRINGS = NO;
				SWIFT_VERSION = 5.0;
				TARGETED_DEVICE_FAMILY = "1,2";
				TEST_TARGET_NAME = PlaneOverOcean;
			};
			name = Debug;
		};
		14B5FFEB279E01AA0047AE1B /* Release */ = {
			isa = XCBuildConfiguration;
			buildSettings = {
				ALWAYS_EMBED_SWIFT_STANDARD_LIBRARIES = YES;
				CODE_SIGN_STYLE = Automatic;
				CURRENT_PROJECT_VERSION = 1;
				GENERATE_INFOPLIST_FILE = YES;
				LD_RUNPATH_SEARCH_PATHS = (
					"$(inherited)",
					"@executable_path/Frameworks",
					"@loader_path/Frameworks",
				);
				MARKETING_VERSION = 1.0;
				PRODUCT_BUNDLE_IDENTIFIER = "Centennial-College.PlaneOverOceanUITests";
				PRODUCT_NAME = "$(TARGET_NAME)";
				SWIFT_EMIT_LOC_STRINGS = NO;
				SWIFT_VERSION = 5.0;
				TARGETED_DEVICE_FAMILY = "1,2";
				TEST_TARGET_NAME = PlaneOverOcean;
			};
			name = Release;
		};
/* End XCBuildConfiguration section */

/* Begin XCConfigurationList section */
		14B5FFB1279E01A80047AE1B /* Build configuration list for PBXProject "PlaneOverOcean" */ = {
			isa = XCConfigurationList;
			buildConfigurations = (
				14B5FFE1279E01AA0047AE1B /* Debug */,
				14B5FFE2279E01AA0047AE1B /* Release */,
			);
			defaultConfigurationIsVisible = 0;
			defaultConfigurationName = Release;
		};
		14B5FFE3279E01AA0047AE1B /* Build configuration list for PBXNativeTarget "PlaneOverOcean" */ = {
			isa = XCConfigurationList;
			buildConfigurations = (
				14B5FFE4279E01AA0047AE1B /* Debug */,
				14B5FFE5279E01AA0047AE1B /* Release */,
			);
			defaultConfigurationIsVisible = 0;
			defaultConfigurationName = Release;
		};
		14B5FFE6279E01AA0047AE1B /* Build configuration list for PBXNativeTarget "PlaneOverOceanTests" */ = {
			isa = XCConfigurationList;
			buildConfigurations = (
				14B5FFE7279E01AA0047AE1B /* Debug */,
				14B5FFE8279E01AA0047AE1B /* Release */,
			);
			defaultConfigurationIsVisible = 0;
			defaultConfigurationName = Release;
		};
		14B5FFE9279E01AA0047AE1B /* Build configuration list for PBXNativeTarget "PlaneOverOceanUITests" */ = {
			isa = XCConfigurationList;
			buildConfigurations = (
				14B5FFEA279E01AA0047AE1B /* Debug */,
				14B5FFEB279E01AA0047AE1B /* Release */,
			);
			defaultConfigurationIsVisible = 0;
			defaultConfigurationName = Release;
		};
/* End XCConfigurationList section */
	};
	rootObject = 14B5FFAE279E01A80047AE1B /* Project object */;
}
